// !$*UTF8*$!
{
	archiveVersion = 1;
	classes = {
	};
	objectVersion = 45;
	objects = {

/* Begin PBXBuildFile section */
		8DD76FAC0486AB0100D96B5E /* main.c in Sources */ = {isa = PBXBuildFile; fileRef = 08FB7796FE84155DC02AAC07 /* main.c */; settings = {ATTRIBUTES = (); }; };
		8DD76FB00486AB0100D96B5E /* HillClimbing.1 in CopyFiles */ = {isa = PBXBuildFile; fileRef = C6A0FF2C0290799A04C91782 /* HillClimbing.1 */; };
		C5B3FA6112ED711200FFABF8 /* env.c in Sources */ = {isa = PBXBuildFile; fileRef = C5B3FA5D12ED711200FFABF8 /* env.c */; };
		C5B3FA6212ED711200FFABF8 /* Stack.c in Sources */ = {isa = PBXBuildFile; fileRef = C5B3FA5F12ED711200FFABF8 /* Stack.c */; };
		C5B3FB2512ED954700FFABF8 /* testChessboard.c in Sources */ = {isa = PBXBuildFile; fileRef = C5B3FB2412ED954700FFABF8 /* testChessboard.c */; };
		C5CE74EF12E96F3900DEC784 /* chessboard.c in Sources */ = {isa = PBXBuildFile; fileRef = C5CE74EE12E96F3900DEC784 /* chessboard.c */; };
		C5CE74F312E9709700DEC784 /* queen.c in Sources */ = {isa = PBXBuildFile; fileRef = C5CE74F212E9709700DEC784 /* queen.c */; };
/* End PBXBuildFile section */

/* Begin PBXCopyFilesBuildPhase section */
		8DD76FAF0486AB0100D96B5E /* CopyFiles */ = {
			isa = PBXCopyFilesBuildPhase;
			buildActionMask = 8;
			dstPath = /usr/share/man/man1/;
			dstSubfolderSpec = 0;
			files = (
				8DD76FB00486AB0100D96B5E /* HillClimbing.1 in CopyFiles */,
			);
			runOnlyForDeploymentPostprocessing = 1;
		};
/* End PBXCopyFilesBuildPhase section */

/* Begin PBXFileReference section */
		08FB7796FE84155DC02AAC07 /* main.c */ = {isa = PBXFileReference; fileEncoding = 4; lastKnownFileType = sourcecode.c.c; path = main.c; sourceTree = "<group>"; };
		8DD76FB20486AB0100D96B5E /* HillClimbing */ = {isa = PBXFileReference; explicitFileType = "compiled.mach-o.executable"; includeInIndex = 0; path = HillClimbing; sourceTree = BUILT_PRODUCTS_DIR; };
		C5B3FA5D12ED711200FFABF8 /* env.c */ = {isa = PBXFileReference; fileEncoding = 4; lastKnownFileType = sourcecode.c.c; path = env.c; sourceTree = "<group>"; };
		C5B3FA5E12ED711200FFABF8 /* env.h */ = {isa = PBXFileReference; fileEncoding = 4; lastKnownFileType = sourcecode.c.h; path = env.h; sourceTree = "<group>"; };
		C5B3FA5F12ED711200FFABF8 /* Stack.c */ = {isa = PBXFileReference; fileEncoding = 4; lastKnownFileType = sourcecode.c.c; path = Stack.c; sourceTree = "<group>"; };
		C5B3FA6012ED711200FFABF8 /* Stack.h */ = {isa = PBXFileReference; fileEncoding = 4; lastKnownFileType = sourcecode.c.h; path = Stack.h; sourceTree = "<group>"; };
		C5B3FB2312ED954700FFABF8 /* testChessboard.h */ = {isa = PBXFileReference; fileEncoding = 4; lastKnownFileType = sourcecode.c.h; path = testChessboard.h; sourceTree = "<group>"; };
		C5B3FB2412ED954700FFABF8 /* testChessboard.c */ = {isa = PBXFileReference; fileEncoding = 4; lastKnownFileType = sourcecode.c.c; path = testChessboard.c; sourceTree = "<group>"; };
		C5CE74ED12E96F3900DEC784 /* chessboard.h */ = {isa = PBXFileReference; fileEncoding = 4; lastKnownFileType = sourcecode.c.h; path = chessboard.h; sourceTree = "<group>"; };
		C5CE74EE12E96F3900DEC784 /* chessboard.c */ = {isa = PBXFileReference; fileEncoding = 4; lastKnownFileType = sourcecode.c.c; path = chessboard.c; sourceTree = "<group>"; };
		C5CE74F112E9709700DEC784 /* queen.h */ = {isa = PBXFileReference; fileEncoding = 4; lastKnownFileType = sourcecode.c.h; path = queen.h; sourceTree = "<group>"; };
		C5CE74F212E9709700DEC784 /* queen.c */ = {isa = PBXFileReference; fileEncoding = 4; lastKnownFileType = sourcecode.c.c; path = queen.c; sourceTree = "<group>"; };
		C6A0FF2C0290799A04C91782 /* HillClimbing.1 */ = {isa = PBXFileReference; lastKnownFileType = text.man; path = HillClimbing.1; sourceTree = "<group>"; };
/* End PBXFileReference section */

/* Begin PBXFrameworksBuildPhase section */
		8DD76FAD0486AB0100D96B5E /* Frameworks */ = {
			isa = PBXFrameworksBuildPhase;
			buildActionMask = 2147483647;
			files = (
			);
			runOnlyForDeploymentPostprocessing = 0;
		};
/* End PBXFrameworksBuildPhase section */

/* Begin PBXGroup section */
		08FB7794FE84155DC02AAC07 /* HillClimbing */ = {
			isa = PBXGroup;
			children = (
				C5B3FB2212ED953A00FFABF8 /* test */,
				08FB7795FE84155DC02AAC07 /* src */,
				C6A0FF2B0290797F04C91782 /* Documentation */,
				1AB674ADFE9D54B511CA2CBB /* Products */,
			);
			name = HillClimbing;
			sourceTree = "<group>";
		};
		08FB7795FE84155DC02AAC07 /* src */ = {
			isa = PBXGroup;
			children = (
				C5B3FA5C12ED711200FFABF8 /* lib */,
				08FB7796FE84155DC02AAC07 /* main.c */,
				C5CE74ED12E96F3900DEC784 /* chessboard.h */,
				C5CE74EE12E96F3900DEC784 /* chessboard.c */,
				C5CE74F112E9709700DEC784 /* queen.h */,
				C5CE74F212E9709700DEC784 /* queen.c */,
			);
			name = src;
			sourceTree = "<group>";
		};
		1AB674ADFE9D54B511CA2CBB /* Products */ = {
			isa = PBXGroup;
			children = (
				8DD76FB20486AB0100D96B5E /* HillClimbing */,
			);
			name = Products;
			sourceTree = "<group>";
		};
		C5B3FA5C12ED711200FFABF8 /* lib */ = {
			isa = PBXGroup;
			children = (
				C5B3FA5D12ED711200FFABF8 /* env.c */,
				C5B3FA5E12ED711200FFABF8 /* env.h */,
				C5B3FA5F12ED711200FFABF8 /* Stack.c */,
				C5B3FA6012ED711200FFABF8 /* Stack.h */,
			);
			path = lib;
			sourceTree = "<group>";
		};
		C5B3FB2212ED953A00FFABF8 /* test */ = {
			isa = PBXGroup;
			children = (
				C5B3FB2312ED954700FFABF8 /* testChessboard.h */,
				C5B3FB2412ED954700FFABF8 /* testChessboard.c */,
			);
			name = test;
			sourceTree = "<group>";
		};
		C6A0FF2B0290797F04C91782 /* Documentation */ = {
			isa = PBXGroup;
			children = (
				C6A0FF2C0290799A04C91782 /* HillClimbing.1 */,
			);
			name = Documentation;
			sourceTree = "<group>";
		};
/* End PBXGroup section */

/* Begin PBXNativeTarget section */
		8DD76FA90486AB0100D96B5E /* HillClimbing */ = {
			isa = PBXNativeTarget;
			buildConfigurationList = 1DEB928508733DD80010E9CD /* Build configuration list for PBXNativeTarget "HillClimbing" */;
			buildPhases = (
				8DD76FAB0486AB0100D96B5E /* Sources */,
				8DD76FAD0486AB0100D96B5E /* Frameworks */,
				8DD76FAF0486AB0100D96B5E /* CopyFiles */,
			);
			buildRules = (
			);
			dependencies = (
			);
			name = HillClimbing;
			productInstallPath = "$(HOME)/bin";
			productName = HillClimbing;
			productReference = 8DD76FB20486AB0100D96B5E /* HillClimbing */;
			productType = "com.apple.product-type.tool";
		};
/* End PBXNativeTarget section */

/* Begin PBXProject section */
		08FB7793FE84155DC02AAC07 /* Project object */ = {
			isa = PBXProject;
			buildConfigurationList = 1DEB928908733DD80010E9CD /* Build configuration list for PBXProject "HillClimbing" */;
			compatibilityVersion = "Xcode 3.1";
			hasScannedForEncodings = 1;
			mainGroup = 08FB7794FE84155DC02AAC07 /* HillClimbing */;
			projectDirPath = "";
			projectRoot = "";
			targets = (
				8DD76FA90486AB0100D96B5E /* HillClimbing */,
			);
		};
/* End PBXProject section */

/* Begin PBXSourcesBuildPhase section */
		8DD76FAB0486AB0100D96B5E /* Sources */ = {
			isa = PBXSourcesBuildPhase;
			buildActionMask = 2147483647;
			files = (
				8DD76FAC0486AB0100D96B5E /* main.c in Sources */,
				C5CE74EF12E96F3900DEC784 /* chessboard.c in Sources */,
				C5CE74F312E9709700DEC784 /* queen.c in Sources */,
				C5B3FA6112ED711200FFABF8 /* env.c in Sources */,
				C5B3FA6212ED711200FFABF8 /* Stack.c in Sources */,
				C5B3FB2512ED954700FFABF8 /* testChessboard.c in Sources */,
			);
			runOnlyForDeploymentPostprocessing = 0;
		};
/* End PBXSourcesBuildPhase section */

/* Begin XCBuildConfiguration section */
		1DEB928608733DD80010E9CD /* Debug */ = {
			isa = XCBuildConfiguration;
			buildSettings = {
				ALWAYS_SEARCH_USER_PATHS = NO;
				COPY_PHASE_STRIP = NO;
				GCC_DYNAMIC_NO_PIC = NO;
				GCC_ENABLE_FIX_AND_CONTINUE = YES;
				GCC_MODEL_TUNING = G5;
				GCC_OPTIMIZATION_LEVEL = 0;
				INSTALL_PATH = /usr/local/bin;
				LD_OPENMP_FLAGS = "-fopenmp";
				OTHER_LDFLAGS = "";
				PRODUCT_NAME = HillClimbing;
			};
			name = Debug;
		};
		1DEB928708733DD80010E9CD /* Release */ = {
			isa = XCBuildConfiguration;
			buildSettings = {
				ALWAYS_SEARCH_USER_PATHS = NO;
				DEBUG_INFORMATION_FORMAT = "dwarf-with-dsym";
				GCC_MODEL_TUNING = G5;
				INSTALL_PATH = /usr/local/bin;
				OTHER_LDFLAGS = "";
				PRODUCT_NAME = HillClimbing;
			};
			name = Release;
		};
		1DEB928A08733DD80010E9CD /* Debug */ = {
			isa = XCBuildConfiguration;
			buildSettings = {
				ARCHS = "$(ARCHS_STANDARD_32_64_BIT)";
				GCC_C_LANGUAGE_STANDARD = gnu99;
				GCC_OPTIMIZATION_LEVEL = 0;
				GCC_WARN_ABOUT_RETURN_TYPE = YES;
				GCC_WARN_UNUSED_VARIABLE = YES;
				ONLY_ACTIVE_ARCH = YES;
				PREBINDING = NO;
				RUN_CLANG_STATIC_ANALYZER = YES;
				SDKROOT = macosx10.6;
			};
			name = Debug;
		};
		1DEB928B08733DD80010E9CD /* Release */ = {
			isa = XCBuildConfiguration;
			buildSettings = {
				ARCHS = "$(ARCHS_STANDARD_32_64_BIT)";
				GCC_C_LANGUAGE_STANDARD = gnu99;
				GCC_WARN_ABOUT_RETURN_TYPE = YES;
				GCC_WARN_UNUSED_VARIABLE = YES;
				PREBINDING = NO;
				RUN_CLANG_STATIC_ANALYZER = YES;
				SDKROOT = macosx10.6;
			};
			name = Release;
		};
/* End XCBuildConfiguration section */

/* Begin XCConfigurationList section */
		1DEB928508733DD80010E9CD /* Build configuration list for PBXNativeTarget "HillClimbing" */ = {
			isa = XCConfigurationList;
			buildConfigurations = (
				1DEB928608733DD80010E9CD /* Debug */,
				1DEB928708733DD80010E9CD /* Release */,
			);
			defaultConfigurationIsVisible = 0;
			defaultConfigurationName = Release;
		};
		1DEB928908733DD80010E9CD /* Build configuration list for PBXProject "HillClimbing" */ = {
			isa = XCConfigurationList;
			buildConfigurations = (
				1DEB928A08733DD80010E9CD /* Debug */,
				1DEB928B08733DD80010E9CD /* Release */,
			);
			defaultConfigurationIsVisible = 0;
			defaultConfigurationName = Release;
		};
/* End XCConfigurationList section */
	};
	rootObject = 08FB7793FE84155DC02AAC07 /* Project object */;
}
